
Microsoft Visual Studio Solution File, Format Version 11.00
# Visual Studio 2010
Project("{2150E333-8FDC-42A3-9474-1A3956D46DE8}") = "Packages", "Packages", "{3E66054F-ED92-4AB5-98C1-F9CACC83688F}"
EndProject
Project("{2150E333-8FDC-42A3-9474-1A3956D46DE8}") = "Build", "Build", "{7FA17050-D66E-469A-AF1C-6ECBA170B10F}"
	ProjectSection(SolutionItems) = preProject
		Build\PsGet.SnapIn.targets = Build\PsGet.SnapIn.targets
		Build\PsGet.targets = Build\PsGet.targets
	EndProjectSection
EndProject
Project("{2150E333-8FDC-42A3-9474-1A3956D46DE8}") = "Installer", "Installer", "{1AC68399-81EE-466D-93DD-DFEE4A549158}"
	ProjectSection(SolutionItems) = preProject
		Installer\Install-PsGet.ps1 = Installer\Install-PsGet.ps1
	EndProjectSection
EndProject
Project("{FAE04EC0-301F-11D3-BF4B-00C04F79EFBC}") = "PS-Get", "Packages\PS-Get\PS-Get.csproj", "{2D953EDF-41DD-4A08-BA6F-B64E7E918819}"
EndProject
Global
	GlobalSection(SolutionConfigurationPlatforms) = preSolution
		Debug|Any CPU = Debug|Any CPU
		Release|Any CPU = Release|Any CPU
	EndGlobalSection
	GlobalSection(ProjectConfigurationPlatforms) = postSolution
		{2D953EDF-41DD-4A08-BA6F-B64E7E918819}.Debug|Any CPU.ActiveCfg = Debug|Any CPU
		{2D953EDF-41DD-4A08-BA6F-B64E7E918819}.Debug|Any CPU.Build.0 = Debug|Any CPU
		{2D953EDF-41DD-4A08-BA6F-B64E7E918819}.Release|Any CPU.ActiveCfg = Release|Any CPU
		{2D953EDF-41DD-4A08-BA6F-B64E7E918819}.Release|Any CPU.Build.0 = Release|Any CPU
	EndGlobalSection
	GlobalSection(SolutionProperties) = preSolution
		HideSolutionNode = FALSE
	EndGlobalSection
	GlobalSection(NestedProjects) = preSolution
		{2D953EDF-41DD-4A08-BA6F-B64E7E918819} = {3E66054F-ED92-4AB5-98C1-F9CACC83688F}
	EndGlobalSection
EndGlobal
