
Microsoft Visual Studio Solution File, Format Version 11.00
# Visual Studio 2010
Project("{2150E333-8FDC-42A3-9474-1A3956D46DE8}") = "Build", "Build", "{7FA17050-D66E-469A-AF1C-6ECBA170B10F}"
	ProjectSection(SolutionItems) = preProject
		Build\FullBuild.msbuild = Build\FullBuild.msbuild
		Build\PsGet.BinaryPackage.targets = Build\PsGet.BinaryPackage.targets
		Build\PsGet.Common.targets = Build\PsGet.Common.targets
		Build\PsGet.Package.targets = Build\PsGet.Package.targets
		Build\PsGet.SourcePackage.targets = Build\PsGet.SourcePackage.targets
		Build\Release.props = Build\Release.props
	EndProjectSection
EndProject
Project("{2150E333-8FDC-42A3-9474-1A3956D46DE8}") = "Source", "Source", "{57A2B902-3432-45E6-B15B-E5E38E412B82}"
EndProject
Project("{2150E333-8FDC-42A3-9474-1A3956D46DE8}") = "Packages", "Packages", "{74FFBAFE-F424-4889-9E97-38A2FF91A770}"
EndProject
Project("{FAE04EC0-301F-11D3-BF4B-00C04F79EFBC}") = "Helper", "Source\Helper\Helper.csproj", "{F5815118-6F6D-47BC-A108-A3BC155E0A1C}"
EndProject
Project("{FAE04EC0-301F-11D3-BF4B-00C04F79EFBC}") = "PS-Get", "Source\Packages\PS-Get\PS-Get.csproj", "{2D953EDF-41DD-4A08-BA6F-B64E7E918819}"
	ProjectSection(ProjectDependencies) = postProject
		{F5815118-6F6D-47BC-A108-A3BC155E0A1C} = {F5815118-6F6D-47BC-A108-A3BC155E0A1C}
	EndProjectSection
EndProject
Project("{FAE04EC0-301F-11D3-BF4B-00C04F79EFBC}") = "Installer", "Source\Installer\Installer.csproj", "{4743F192-8003-4890-9C86-635781FEDB02}"
	ProjectSection(ProjectDependencies) = postProject
		{2D953EDF-41DD-4A08-BA6F-B64E7E918819} = {2D953EDF-41DD-4A08-BA6F-B64E7E918819}
	EndProjectSection
EndProject
Project("{2150E333-8FDC-42A3-9474-1A3956D46DE8}") = "MSBuildCommunityExtensions", "MSBuildCommunityExtensions", "{7D477708-61FA-49AF-AF29-6794B1F8179D}"
	ProjectSection(SolutionItems) = preProject
		Build\MSBuildCommunityTasks\ICSharpCode.SharpZipLib.dll = Build\MSBuildCommunityTasks\ICSharpCode.SharpZipLib.dll
		Build\MSBuildCommunityTasks\MSBuild.Community.Tasks.dll = Build\MSBuildCommunityTasks\MSBuild.Community.Tasks.dll
		Build\MSBuildCommunityTasks\MSBuild.Community.Tasks.pdb = Build\MSBuildCommunityTasks\MSBuild.Community.Tasks.pdb
		Build\MSBuildCommunityTasks\MSBuild.Community.Tasks.Targets = Build\MSBuildCommunityTasks\MSBuild.Community.Tasks.Targets
		Build\MSBuildCommunityTasks\MSBuild.Community.Tasks.xml = Build\MSBuildCommunityTasks\MSBuild.Community.Tasks.xml
	EndProjectSection
EndProject
Project("{FAE04EC0-301F-11D3-BF4B-00C04F79EFBC}") = "PS-Json", "Source\Packages\PS-Json\PS-Json.csproj", "{82B9ADCF-8EC7-4897-9B13-23613C79E7EF}"
EndProject
Project("{2150E333-8FDC-42A3-9474-1A3956D46DE8}") = "Tests", "Tests", "{E6ADB305-B943-4CD2-A73C-16697F782A0F}"
EndProject
Global
	GlobalSection(SolutionConfigurationPlatforms) = preSolution
		Debug|Any CPU = Debug|Any CPU
		Debug|Mixed Platforms = Debug|Mixed Platforms
		Debug|x86 = Debug|x86
		Release|Any CPU = Release|Any CPU
		Release|Mixed Platforms = Release|Mixed Platforms
		Release|x86 = Release|x86
	EndGlobalSection
	GlobalSection(ProjectConfigurationPlatforms) = postSolution
		{F5815118-6F6D-47BC-A108-A3BC155E0A1C}.Debug|Any CPU.ActiveCfg = Debug|x86
		{F5815118-6F6D-47BC-A108-A3BC155E0A1C}.Debug|Mixed Platforms.ActiveCfg = Debug|x86
		{F5815118-6F6D-47BC-A108-A3BC155E0A1C}.Debug|Mixed Platforms.Build.0 = Debug|x86
		{F5815118-6F6D-47BC-A108-A3BC155E0A1C}.Debug|x86.ActiveCfg = Debug|x86
		{F5815118-6F6D-47BC-A108-A3BC155E0A1C}.Debug|x86.Build.0 = Debug|x86
		{F5815118-6F6D-47BC-A108-A3BC155E0A1C}.Release|Any CPU.ActiveCfg = Release|x86
		{F5815118-6F6D-47BC-A108-A3BC155E0A1C}.Release|Mixed Platforms.ActiveCfg = Release|x86
		{F5815118-6F6D-47BC-A108-A3BC155E0A1C}.Release|Mixed Platforms.Build.0 = Release|x86
		{F5815118-6F6D-47BC-A108-A3BC155E0A1C}.Release|x86.ActiveCfg = Release|x86
		{F5815118-6F6D-47BC-A108-A3BC155E0A1C}.Release|x86.Build.0 = Release|x86
		{2D953EDF-41DD-4A08-BA6F-B64E7E918819}.Debug|Any CPU.ActiveCfg = Debug|Any CPU
		{2D953EDF-41DD-4A08-BA6F-B64E7E918819}.Debug|Any CPU.Build.0 = Debug|Any CPU
		{2D953EDF-41DD-4A08-BA6F-B64E7E918819}.Debug|Mixed Platforms.ActiveCfg = Debug|Any CPU
		{2D953EDF-41DD-4A08-BA6F-B64E7E918819}.Debug|Mixed Platforms.Build.0 = Debug|Any CPU
		{2D953EDF-41DD-4A08-BA6F-B64E7E918819}.Debug|x86.ActiveCfg = Debug|Any CPU
		{2D953EDF-41DD-4A08-BA6F-B64E7E918819}.Release|Any CPU.ActiveCfg = Release|Any CPU
		{2D953EDF-41DD-4A08-BA6F-B64E7E918819}.Release|Any CPU.Build.0 = Release|Any CPU
		{2D953EDF-41DD-4A08-BA6F-B64E7E918819}.Release|Mixed Platforms.ActiveCfg = Release|Any CPU
		{2D953EDF-41DD-4A08-BA6F-B64E7E918819}.Release|Mixed Platforms.Build.0 = Release|Any CPU
		{2D953EDF-41DD-4A08-BA6F-B64E7E918819}.Release|x86.ActiveCfg = Release|Any CPU
		{4743F192-8003-4890-9C86-635781FEDB02}.Debug|Any CPU.ActiveCfg = Debug|x86
		{4743F192-8003-4890-9C86-635781FEDB02}.Debug|Mixed Platforms.ActiveCfg = Debug|x86
		{4743F192-8003-4890-9C86-635781FEDB02}.Debug|Mixed Platforms.Build.0 = Debug|x86
		{4743F192-8003-4890-9C86-635781FEDB02}.Debug|x86.ActiveCfg = Debug|x86
		{4743F192-8003-4890-9C86-635781FEDB02}.Debug|x86.Build.0 = Debug|x86
		{4743F192-8003-4890-9C86-635781FEDB02}.Release|Any CPU.ActiveCfg = Release|x86
		{4743F192-8003-4890-9C86-635781FEDB02}.Release|Mixed Platforms.ActiveCfg = Release|x86
		{4743F192-8003-4890-9C86-635781FEDB02}.Release|Mixed Platforms.Build.0 = Release|x86
		{4743F192-8003-4890-9C86-635781FEDB02}.Release|x86.ActiveCfg = Release|x86
		{4743F192-8003-4890-9C86-635781FEDB02}.Release|x86.Build.0 = Release|x86
		{82B9ADCF-8EC7-4897-9B13-23613C79E7EF}.Debug|Any CPU.ActiveCfg = Debug|Any CPU
		{82B9ADCF-8EC7-4897-9B13-23613C79E7EF}.Debug|Any CPU.Build.0 = Debug|Any CPU
		{82B9ADCF-8EC7-4897-9B13-23613C79E7EF}.Debug|Mixed Platforms.ActiveCfg = Debug|Any CPU
		{82B9ADCF-8EC7-4897-9B13-23613C79E7EF}.Debug|Mixed Platforms.Build.0 = Debug|Any CPU
		{82B9ADCF-8EC7-4897-9B13-23613C79E7EF}.Debug|x86.ActiveCfg = Debug|Any CPU
		{82B9ADCF-8EC7-4897-9B13-23613C79E7EF}.Release|Any CPU.ActiveCfg = Release|Any CPU
		{82B9ADCF-8EC7-4897-9B13-23613C79E7EF}.Release|Any CPU.Build.0 = Release|Any CPU
		{82B9ADCF-8EC7-4897-9B13-23613C79E7EF}.Release|Mixed Platforms.ActiveCfg = Release|Any CPU
		{82B9ADCF-8EC7-4897-9B13-23613C79E7EF}.Release|Mixed Platforms.Build.0 = Release|Any CPU
		{82B9ADCF-8EC7-4897-9B13-23613C79E7EF}.Release|x86.ActiveCfg = Release|Any CPU
	EndGlobalSection
	GlobalSection(SolutionProperties) = preSolution
		HideSolutionNode = FALSE
	EndGlobalSection
	GlobalSection(NestedProjects) = preSolution
		{7D477708-61FA-49AF-AF29-6794B1F8179D} = {7FA17050-D66E-469A-AF1C-6ECBA170B10F}
		{74FFBAFE-F424-4889-9E97-38A2FF91A770} = {57A2B902-3432-45E6-B15B-E5E38E412B82}
		{F5815118-6F6D-47BC-A108-A3BC155E0A1C} = {57A2B902-3432-45E6-B15B-E5E38E412B82}
		{4743F192-8003-4890-9C86-635781FEDB02} = {57A2B902-3432-45E6-B15B-E5E38E412B82}
		{2D953EDF-41DD-4A08-BA6F-B64E7E918819} = {74FFBAFE-F424-4889-9E97-38A2FF91A770}
		{82B9ADCF-8EC7-4897-9B13-23613C79E7EF} = {74FFBAFE-F424-4889-9E97-38A2FF91A770}
	EndGlobalSection
EndGlobal
